
Microsoft Visual Studio Solution File, Format Version 12.00
# Visual Studio Version 17
VisualStudioVersion = 17.14.36109.1
MinimumVisualStudioVersion = 10.0.40219.1
Project("{FAE04EC0-301F-11D3-BF4B-00C04F79EFBC}") = "GreenChatMobileMaui", "GreenChatMobileMaui\GreenChatMobileMaui.csproj", "{034DA586-4A7C-4466-9C44-28A58D784FC3}"
EndProject
Project("{FAE04EC0-301F-11D3-BF4B-00C04F79EFBC}") = "GreenChat", "..\..\GreenChat\GreenChat.csproj", "{135FBA9E-1CC2-3315-50C4-2C6685740DF1}"
EndProject
Global
	GlobalSection(SolutionConfigurationPlatforms) = preSolution
		Debug|Any CPU = Debug|Any CPU
		Release|Any CPU = Release|Any CPU
	EndGlobalSection
	GlobalSection(ProjectConfigurationPlatforms) = postSolution
		{034DA586-4A7C-4466-9C44-28A58D784FC3}.Debug|Any CPU.ActiveCfg = Debug|Any CPU
		{034DA586-4A7C-4466-9C44-28A58D784FC3}.Debug|Any CPU.Build.0 = Debug|Any CPU
		{034DA586-4A7C-4466-9C44-28A58D784FC3}.Release|Any CPU.ActiveCfg = Release|Any CPU
		{034DA586-4A7C-4466-9C44-28A58D784FC3}.Release|Any CPU.Build.0 = Release|Any CPU
		{135FBA9E-1CC2-3315-50C4-2C6685740DF1}.Debug|Any CPU.ActiveCfg = Debug|Any CPU
		{135FBA9E-1CC2-3315-50C4-2C6685740DF1}.Debug|Any CPU.Build.0 = Debug|Any CPU
		{135FBA9E-1CC2-3315-50C4-2C6685740DF1}.Release|Any CPU.ActiveCfg = Release|Any CPU
		{135FBA9E-1CC2-3315-50C4-2C6685740DF1}.Release|Any CPU.Build.0 = Release|Any CPU
	EndGlobalSection
	GlobalSection(SolutionProperties) = preSolution
		HideSolutionNode = FALSE
	EndGlobalSection
	GlobalSection(ExtensibilityGlobals) = postSolution
		SolutionGuid = {C73AD833-429E-46D1-83B6-C56CD1ADF6C7}
	EndGlobalSection
EndGlobal
